
Microsoft Visual Studio Solution File, Format Version 12.00
# Visual Studio Version 17
VisualStudioVersion = 17.8.34330.188
MinimumVisualStudioVersion = 10.0.40219.1
Project("{FAE04EC0-301F-11D3-BF4B-00C04F79EFBC}") = "WindowsFormsApp4", "WindowsFormsApp4\WindowsFormsApp4.csproj", "{69FFD150-317A-4079-9268-DA766411E3B7}"
EndProject
Global
	GlobalSection(SolutionConfigurationPlatforms) = preSolution
		Debug|Any CPU = Debug|Any CPU
		Release|Any CPU = Release|Any CPU
	EndGlobalSection
	GlobalSection(ProjectConfigurationPlatforms) = postSolution
		{69FFD150-317A-4079-9268-DA766411E3B7}.Debug|Any CPU.ActiveCfg = Debug|Any CPU
		{69FFD150-317A-4079-9268-DA766411E3B7}.Debug|Any CPU.Build.0 = Debug|Any CPU
		{69FFD150-317A-4079-9268-DA766411E3B7}.Release|Any CPU.ActiveCfg = Release|Any CPU
		{69FFD150-317A-4079-9268-DA766411E3B7}.Release|Any CPU.Build.0 = Release|Any CPU
	EndGlobalSection
	GlobalSection(SolutionProperties) = preSolution
		HideSolutionNode = FALSE
	EndGlobalSection
	GlobalSection(ExtensibilityGlobals) = postSolution
		SolutionGuid = {F2343D3D-4E6E-4F4D-9B18-AF326D82D262}
	EndGlobalSection
EndGlobal
